
Microsoft Visual Studio Solution File, Format Version 12.00
# Visual Studio Version 16
VisualStudioVersion = 16.0.31205.134
MinimumVisualStudioVersion = 10.0.40219.1
Project("{FAE04EC0-301F-11D3-BF4B-00C04F79EFBC}") = "Cronometro", "Cronometro\Cronometro.csproj", "{748737E1-A070-4DE4-B64F-810CCE1E888D}"
EndProject
Global
	GlobalSection(SolutionConfigurationPlatforms) = preSolution
		Debug|Any CPU = Debug|Any CPU
		Release|Any CPU = Release|Any CPU
	EndGlobalSection
	GlobalSection(ProjectConfigurationPlatforms) = postSolution
		{748737E1-A070-4DE4-B64F-810CCE1E888D}.Debug|Any CPU.ActiveCfg = Debug|Any CPU
		{748737E1-A070-4DE4-B64F-810CCE1E888D}.Debug|Any CPU.Build.0 = Debug|Any CPU
		{748737E1-A070-4DE4-B64F-810CCE1E888D}.Release|Any CPU.ActiveCfg = Release|Any CPU
		{748737E1-A070-4DE4-B64F-810CCE1E888D}.Release|Any CPU.Build.0 = Release|Any CPU
	EndGlobalSection
	GlobalSection(SolutionProperties) = preSolution
		HideSolutionNode = FALSE
	EndGlobalSection
	GlobalSection(ExtensibilityGlobals) = postSolution
		SolutionGuid = {94B5E138-0CC4-4EDF-BAE4-A901A30D83E0}
	EndGlobalSection
EndGlobal
